
Microsoft Visual Studio Solution File, Format Version 12.00
# Visual Studio Version 17
VisualStudioVersion = 17.5.33424.131
MinimumVisualStudioVersion = 10.0.40219.1
Project("{FAE04EC0-301F-11D3-BF4B-00C04F79EFBC}") = "myWILproject", "myWILproject\myWILproject.csproj", "{0209697D-48C9-45D2-B15E-39171A28E438}"
EndProject
Global
	GlobalSection(SolutionConfigurationPlatforms) = preSolution
		Debug|Any CPU = Debug|Any CPU
		Release|Any CPU = Release|Any CPU
	EndGlobalSection
	GlobalSection(ProjectConfigurationPlatforms) = postSolution
		{0209697D-48C9-45D2-B15E-39171A28E438}.Debug|Any CPU.ActiveCfg = Debug|Any CPU
		{0209697D-48C9-45D2-B15E-39171A28E438}.Debug|Any CPU.Build.0 = Debug|Any CPU
		{0209697D-48C9-45D2-B15E-39171A28E438}.Release|Any CPU.ActiveCfg = Release|Any CPU
		{0209697D-48C9-45D2-B15E-39171A28E438}.Release|Any CPU.Build.0 = Release|Any CPU
	EndGlobalSection
	GlobalSection(SolutionProperties) = preSolution
		HideSolutionNode = FALSE
	EndGlobalSection
	GlobalSection(ExtensibilityGlobals) = postSolution
		SolutionGuid = {E44D5EAF-005E-4D83-8251-B68D365A137E}
	EndGlobalSection
EndGlobal
